{
  "name": "js2rho",
  "version": "0.1.0",
  "lockfileVersion": 1,
  "requires": true,
  "dependencies": {
    "@agoric/harden": {
      "version": "0.0.8",
      "resolved": "https://registry.npmjs.org/@agoric/harden/-/harden-0.0.8.tgz",
      "integrity": "sha512-psxe8nC9wphyeaIhdSFs45CcZnncb4JdoeqBldPNcmcStao8Keuzda9n6t3lqW3WuGm/DNikUyMJ5pE/LeLutQ==",
      "requires": {
        "@agoric/make-hardener": "0.0.8"
      }
    },
    "@agoric/jessie": {
      "version": "file:lib/vendor/jessica/unpublished/agoric-jessie-0.2.0.tgz",
      "integrity": "sha512-huKoh3xL6LDiCjLdd9kpdfbayPNHAEgNF//kLv79j/T9dbuA6LCD8YMULngOfrkp10lJ/rYWY9+lepipMx+c3g==",
      "requires": {
        "@agoric/harden": "0.0.4"
      },
      "dependencies": {
        "@agoric/harden": {
          "version": "0.0.4",
          "resolved": "https://registry.npmjs.org/@agoric/harden/-/harden-0.0.4.tgz",
          "integrity": "sha512-WvTw2otvchy3mScAvqQcX0l6049xp6cF17/Pw0PNNqUTJtOo/84tE9OyBSjEp8wn/XBNArPaJuRjMhQpIQ775Q==",
          "requires": {
            "@agoric/make-hardener": "0.0.4"
          }
        },
        "@agoric/make-hardener": {
          "version": "0.0.4",
          "resolved": "https://registry.npmjs.org/@agoric/make-hardener/-/make-hardener-0.0.4.tgz",
          "integrity": "sha512-0k/wGkIVQO3IY7p/H/5OS3BIXsRK9Qb7nHnqyvj6hzvSyumwgPp8e4rz5QaVWSen43TGJl+zQn4mW9ZZShT1aw=="
        }
      }
    },
    "@agoric/make-hardener": {
      "version": "0.0.8",
      "resolved": "https://registry.npmjs.org/@agoric/make-hardener/-/make-hardener-0.0.8.tgz",
      "integrity": "sha512-bd83IYEMQbzpprwyA10RjHIGWmWeUMdsd5EzaHwke+zLH0HyqP6UKxFLv5mqkmrMeQyOMhNgKN1hCagjRyjlxQ=="
    },
    "@michaelfig/slog": {
      "version": "0.0.1",
      "resolved": "https://registry.npmjs.org/@michaelfig/slog/-/slog-0.0.1.tgz",
      "integrity": "sha512-6woYXfy3JpbkyisYuJJxdFhvsLEWy2aFaCioZO86wwxZIl/xtV69xV4vmFl/ZwWJKdzrwBrsrFScJacUcUlddw=="
    },
    "@types/agoric__harden": {
      "version": "file:lib/vendor/jessica/unpublished/types-agoric__harden-1.0.0.tgz",
      "integrity": "sha512-LY35eaqWXiMKPJdfcYR9NRQSXikEYMA0sie8sO1PYTt3w9KUcXQP8sE8enUmcmItHngxs2aAq0HXMvo4f/f0pQ=="
    },
    "@types/agoric__jessie": {
      "version": "file:lib/vendor/jessica/unpublished/types-agoric__jessie-1.0.0.tgz",
      "integrity": "sha512-n0XshCkk0h6YjJDIRwmimIiyGLcodkR4zCp27D67KJyBOUhko0Vwe5JeN94TSL5tnc0oDYHWW0NXYLOPhsieEQ=="
    },
    "@types/esprima": {
      "version": "4.0.2",
      "resolved": "https://registry.npmjs.org/@types/esprima/-/esprima-4.0.2.tgz",
      "integrity": "sha512-DKqdyuy7Go7ir6iKhZ0jUvgt/h9Q5zb9xS+fLeeXD2QSHv8gC6TimgujBBGfw8dHrpx4+u2HlMv7pkYOOfuUqg==",
      "dev": true,
      "requires": {
        "@types/estree": "*"
      }
    },
    "@types/estree": {
      "version": "0.0.38",
      "resolved": "https://registry.npmjs.org/@types/estree/-/estree-0.0.38.tgz",
      "integrity": "sha512-F/v7t1LwS4vnXuPooJQGBRKRGIoxWUTmA4VHfqjOccFsNDThD5bfUNpITive6s352O7o384wcpEaDV8rHCehDA==",
      "dev": true
    },
    "@types/michaelfig__slog": {
      "version": "file:lib/vendor/jessica/unpublished/types-michaelfig__slog-1.0.0.tgz",
      "integrity": "sha512-JdRKeUSgr3vUm4llXWmWVlYMjOmDD2EfJMXwoTi6aXy7vYJGGTauaQIqIE7mLFHar6NHIhQcDQpzexwQOBDjGw=="
    },
    "@types/node": {
      "version": "13.11.1",
      "resolved": "https://registry.npmjs.org/@types/node/-/node-13.11.1.tgz",
      "integrity": "sha512-eWQGP3qtxwL8FGneRrC5DwrJLGN4/dH1clNTuLfN81HCrxVtxRjygDTUoZJ5ASlDEeo0ppYFQjQIlXhtXpOn6g==",
      "dev": true
    },
    "esm": {
      "version": "3.2.25",
      "resolved": "https://registry.npmjs.org/esm/-/esm-3.2.25.tgz",
      "integrity": "sha512-U1suiZ2oDVWv4zPO56S0NcR5QriEahGtdN2OR6FiOG4WJvcjBVFB0qI4+eKoWFH483PKGuLuu6V8Z4T5g63UVA=="
    },
    "jessica": {
      "version": "file:lib/vendor/jessica",
      "requires": {
        "@agoric/jessie": "file:lib/vendor/jessica/unpublished/agoric-jessie-0.2.0.tgz",
        "@michaelfig/slog": "0.0.1",
        "@types/agoric__harden": "file:lib/vendor/jessica/unpublished/types-agoric__harden-1.0.0.tgz",
        "@types/agoric__jessie": "file:lib/vendor/jessica/unpublished/types-agoric__jessie-1.0.0.tgz",
        "@types/michaelfig__slog": "file:lib/vendor/jessica/unpublished/types-michaelfig__slog-1.0.0.tgz"
      }
    },
    "typescript": {
      "version": "4.2.2",
      "resolved": "https://registry.npmjs.org/typescript/-/typescript-4.2.2.tgz",
      "integrity": "sha512-tbb+NVrLfnsJy3M59lsDgrzWIflR4d4TIUjz+heUnHZwdF7YsrMTKoRERiIvI2lvBG95dfpLxB21WZhys1bgaQ==",
      "dev": true
    }
  }
}
