{
  "name": "js2rho",
  "version": "0.1.0",
  "lockfileVersion": 1,
  "requires": true,
  "dependencies": {
    "@agoric/babel-standalone": {
      "version": "7.9.5",
      "resolved": "https://registry.npmjs.org/@agoric/babel-standalone/-/babel-standalone-7.9.5.tgz",
      "integrity": "sha512-1Aa23oPuRi4kywUyZODo8zey9Gq2NpD2xUnNvgJLoT8orMQRlVOtvbG3JeHq5sjJERlF/q6csg4/P8t8/5IABA=="
    },
    "@agoric/eventual-send": {
      "version": "0.13.2-dev.0",
      "resolved": "https://registry.npmjs.org/@agoric/eventual-send/-/eventual-send-0.13.2-dev.0.tgz",
      "integrity": "sha512-rcxHsEBqsjwbxwsPgMeU1dqJZbiXZp+14DGNqclUKn1ffFbyEvsdR+PkTZyOW50rhyTc+UVPEzvZytE/AKz2zw=="
    },
    "@agoric/install-ses": {
      "version": "0.5.2-dev.0",
      "resolved": "https://registry.npmjs.org/@agoric/install-ses/-/install-ses-0.5.2-dev.0.tgz",
      "integrity": "sha512-zKOzpG214L9ClyA77gRmuCgypRyUwB2Q21EmA7osH/9xirqWRNBXqMlJkmqq8N0BeaRiEDZiHiyOG0YYyW+iSw==",
      "requires": {
        "@agoric/eventual-send": "^0.13.2-dev.0",
        "ses": "^0.12.2"
      }
    },
    "@agoric/jessie": {
      "version": "file:lib/vendor/jessica/unpublished/agoric-jessie-0.2.0.tgz",
      "integrity": "sha512-huKoh3xL6LDiCjLdd9kpdfbayPNHAEgNF//kLv79j/T9dbuA6LCD8YMULngOfrkp10lJ/rYWY9+lepipMx+c3g==",
      "requires": {
        "@agoric/harden": "0.0.4"
      },
      "dependencies": {
        "@agoric/harden": {
          "version": "0.0.4",
          "resolved": "https://registry.npmjs.org/@agoric/harden/-/harden-0.0.4.tgz",
          "integrity": "sha512-WvTw2otvchy3mScAvqQcX0l6049xp6cF17/Pw0PNNqUTJtOo/84tE9OyBSjEp8wn/XBNArPaJuRjMhQpIQ775Q==",
          "requires": {
            "@agoric/make-hardener": "0.0.4"
          }
        },
        "@agoric/make-hardener": {
          "version": "0.0.4",
          "resolved": "https://registry.npmjs.org/@agoric/make-hardener/-/make-hardener-0.0.4.tgz",
          "integrity": "sha512-0k/wGkIVQO3IY7p/H/5OS3BIXsRK9Qb7nHnqyvj6hzvSyumwgPp8e4rz5QaVWSen43TGJl+zQn4mW9ZZShT1aw=="
        }
      }
    },
    "@agoric/transform-module": {
      "version": "0.4.1",
      "resolved": "https://registry.npmjs.org/@agoric/transform-module/-/transform-module-0.4.1.tgz",
      "integrity": "sha512-4TJJHXeXAWu1FCA7yXCAZmhBNoGTB/BEAe2pv+J2X8W/mJTr9b395OkDCSRMpzvmSshLfBx6wT0D7dqWIWEC1w=="
    },
    "@michaelfig/slog": {
      "version": "0.0.1",
      "resolved": "https://registry.npmjs.org/@michaelfig/slog/-/slog-0.0.1.tgz",
      "integrity": "sha512-6woYXfy3JpbkyisYuJJxdFhvsLEWy2aFaCioZO86wwxZIl/xtV69xV4vmFl/ZwWJKdzrwBrsrFScJacUcUlddw=="
    },
    "@types/agoric__harden": {
      "version": "file:lib/vendor/jessica/unpublished/types-agoric__harden-1.0.0.tgz",
      "integrity": "sha512-LY35eaqWXiMKPJdfcYR9NRQSXikEYMA0sie8sO1PYTt3w9KUcXQP8sE8enUmcmItHngxs2aAq0HXMvo4f/f0pQ=="
    },
    "@types/agoric__jessie": {
      "version": "file:lib/vendor/jessica/unpublished/types-agoric__jessie-1.0.0.tgz",
      "integrity": "sha512-n0XshCkk0h6YjJDIRwmimIiyGLcodkR4zCp27D67KJyBOUhko0Vwe5JeN94TSL5tnc0oDYHWW0NXYLOPhsieEQ=="
    },
    "@types/esprima": {
      "version": "4.0.2",
      "resolved": "https://registry.npmjs.org/@types/esprima/-/esprima-4.0.2.tgz",
      "integrity": "sha512-DKqdyuy7Go7ir6iKhZ0jUvgt/h9Q5zb9xS+fLeeXD2QSHv8gC6TimgujBBGfw8dHrpx4+u2HlMv7pkYOOfuUqg==",
      "dev": true,
      "requires": {
        "@types/estree": "*"
      }
    },
    "@types/estree": {
      "version": "0.0.38",
      "resolved": "https://registry.npmjs.org/@types/estree/-/estree-0.0.38.tgz",
      "integrity": "sha512-F/v7t1LwS4vnXuPooJQGBRKRGIoxWUTmA4VHfqjOccFsNDThD5bfUNpITive6s352O7o384wcpEaDV8rHCehDA==",
      "dev": true
    },
    "@types/michaelfig__slog": {
      "version": "file:lib/vendor/jessica/unpublished/types-michaelfig__slog-1.0.0.tgz",
      "integrity": "sha512-JdRKeUSgr3vUm4llXWmWVlYMjOmDD2EfJMXwoTi6aXy7vYJGGTauaQIqIE7mLFHar6NHIhQcDQpzexwQOBDjGw=="
    },
    "@types/node": {
      "version": "13.11.1",
      "resolved": "https://registry.npmjs.org/@types/node/-/node-13.11.1.tgz",
      "integrity": "sha512-eWQGP3qtxwL8FGneRrC5DwrJLGN4/dH1clNTuLfN81HCrxVtxRjygDTUoZJ5ASlDEeo0ppYFQjQIlXhtXpOn6g==",
      "dev": true
    },
    "esm": {
      "version": "3.2.25",
      "resolved": "https://registry.npmjs.org/esm/-/esm-3.2.25.tgz",
      "integrity": "sha512-U1suiZ2oDVWv4zPO56S0NcR5QriEahGtdN2OR6FiOG4WJvcjBVFB0qI4+eKoWFH483PKGuLuu6V8Z4T5g63UVA=="
    },
    "jessica": {
      "version": "file:lib/vendor/jessica",
      "requires": {
        "@agoric/jessie": "file:lib/vendor/jessica/unpublished/agoric-jessie-0.2.0.tgz",
        "@michaelfig/slog": "0.0.1",
        "@types/agoric__harden": "file:lib/vendor/jessica/unpublished/types-agoric__harden-1.0.0.tgz",
        "@types/agoric__jessie": "file:lib/vendor/jessica/unpublished/types-agoric__jessie-1.0.0.tgz",
        "@types/michaelfig__slog": "file:lib/vendor/jessica/unpublished/types-michaelfig__slog-1.0.0.tgz"
      }
    },
    "ses": {
      "version": "0.12.2",
      "resolved": "https://registry.npmjs.org/ses/-/ses-0.12.2.tgz",
      "integrity": "sha512-XhzToLDYbT4liHNzt+GY6RNP64e+pi2ioCgyYztXt6ZnsSF4UttaN1EXEzDZoPjU67Nym7f8bSQiVRu7tezD5g==",
      "requires": {
        "@agoric/babel-standalone": "^7.9.5",
        "@agoric/make-hardener": "^0.1.2",
        "@agoric/transform-module": "^0.4.1"
      },
      "dependencies": {
        "@agoric/make-hardener": {
          "version": "0.1.2",
          "resolved": "https://registry.npmjs.org/@agoric/make-hardener/-/make-hardener-0.1.2.tgz",
          "integrity": "sha512-l5O7TCVDcl6NcWW5Rp/lAQaFLmje97wHrKPJbYV08M4TNDgSiMlesYtar40OnAR2pnzgsyilSQc+hU5mEvCJWg=="
        }
      }
    },
    "typescript": {
      "version": "4.2.2",
      "resolved": "https://registry.npmjs.org/typescript/-/typescript-4.2.2.tgz",
      "integrity": "sha512-tbb+NVrLfnsJy3M59lsDgrzWIflR4d4TIUjz+heUnHZwdF7YsrMTKoRERiIvI2lvBG95dfpLxB21WZhys1bgaQ==",
      "dev": true
    }
  }
}
